
Microsoft Visual Studio Solution File, Format Version 12.00
# Visual Studio 15
VisualStudioVersion = 15.0.28307.572
MinimumVisualStudioVersion = 10.0.40219.1
Project("{FAE04EC0-301F-11D3-BF4B-00C04F79EFBC}") = "MemeGenerator", "MemeGenerator\MemeGenerator.csproj", "{B830ECEF-E380-4226-90BE-706A0442CAE2}"
EndProject
Global
	GlobalSection(SolutionConfigurationPlatforms) = preSolution
		Debug|Any CPU = Debug|Any CPU
		Release|Any CPU = Release|Any CPU
	EndGlobalSection
	GlobalSection(ProjectConfigurationPlatforms) = postSolution
		{B830ECEF-E380-4226-90BE-706A0442CAE2}.Debug|Any CPU.ActiveCfg = Debug|Any CPU
		{B830ECEF-E380-4226-90BE-706A0442CAE2}.Debug|Any CPU.Build.0 = Debug|Any CPU
		{B830ECEF-E380-4226-90BE-706A0442CAE2}.Release|Any CPU.ActiveCfg = Release|Any CPU
		{B830ECEF-E380-4226-90BE-706A0442CAE2}.Release|Any CPU.Build.0 = Release|Any CPU
	EndGlobalSection
	GlobalSection(SolutionProperties) = preSolution
		HideSolutionNode = FALSE
	EndGlobalSection
	GlobalSection(ExtensibilityGlobals) = postSolution
		SolutionGuid = {C2D87130-4254-4AC7-811D-611B5EF01DEE}
	EndGlobalSection
EndGlobal
